
Microsoft Visual Studio Solution File, Format Version 12.00
# Visual Studio Version 17
VisualStudioVersion = 17.13.35913.81 d17.13
MinimumVisualStudioVersion = 10.0.40219.1
Project("{FAE04EC0-301F-11D3-BF4B-00C04F79EFBC}") = "Desafio prático - Gestão de Livraria", "Desafio prático - Gestão de Livraria\Desafio prático - Gestão de Livraria.csproj", "{590A7C5D-86B7-44C1-86EC-B5D0A228F480}"
EndProject
Global
	GlobalSection(SolutionConfigurationPlatforms) = preSolution
		Debug|Any CPU = Debug|Any CPU
		Release|Any CPU = Release|Any CPU
	EndGlobalSection
	GlobalSection(ProjectConfigurationPlatforms) = postSolution
		{590A7C5D-86B7-44C1-86EC-B5D0A228F480}.Debug|Any CPU.ActiveCfg = Debug|Any CPU
		{590A7C5D-86B7-44C1-86EC-B5D0A228F480}.Debug|Any CPU.Build.0 = Debug|Any CPU
		{590A7C5D-86B7-44C1-86EC-B5D0A228F480}.Release|Any CPU.ActiveCfg = Release|Any CPU
		{590A7C5D-86B7-44C1-86EC-B5D0A228F480}.Release|Any CPU.Build.0 = Release|Any CPU
	EndGlobalSection
	GlobalSection(SolutionProperties) = preSolution
		HideSolutionNode = FALSE
	EndGlobalSection
	GlobalSection(ExtensibilityGlobals) = postSolution
		SolutionGuid = {D99592C2-0A94-4D27-9822-D52EF2F36DF4}
	EndGlobalSection
EndGlobal
